
Microsoft Visual Studio Solution File, Format Version 12.00
# Visual Studio Version 16
VisualStudioVersion = 16.0.31624.102
MinimumVisualStudioVersion = 10.0.40219.1
Project("{FAE04EC0-301F-11D3-BF4B-00C04F79EFBC}") = "Kolko_i_krzyzyk_v2", "Kolko_i_krzyzyk_v2\Kolko_i_krzyzyk_v2.csproj", "{EE2423CD-067B-4CF4-AA57-D1D6A2E0A7EB}"
EndProject
Global
	GlobalSection(SolutionConfigurationPlatforms) = preSolution
		Debug|Any CPU = Debug|Any CPU
		Release|Any CPU = Release|Any CPU
	EndGlobalSection
	GlobalSection(ProjectConfigurationPlatforms) = postSolution
		{EE2423CD-067B-4CF4-AA57-D1D6A2E0A7EB}.Debug|Any CPU.ActiveCfg = Debug|Any CPU
		{EE2423CD-067B-4CF4-AA57-D1D6A2E0A7EB}.Debug|Any CPU.Build.0 = Debug|Any CPU
		{EE2423CD-067B-4CF4-AA57-D1D6A2E0A7EB}.Release|Any CPU.ActiveCfg = Release|Any CPU
		{EE2423CD-067B-4CF4-AA57-D1D6A2E0A7EB}.Release|Any CPU.Build.0 = Release|Any CPU
	EndGlobalSection
	GlobalSection(SolutionProperties) = preSolution
		HideSolutionNode = FALSE
	EndGlobalSection
	GlobalSection(ExtensibilityGlobals) = postSolution
		SolutionGuid = {CCE5798C-C2A3-4B93-B3FF-B81AC52DC530}
	EndGlobalSection
EndGlobal
